
Microsoft Visual Studio Solution File, Format Version 12.00
# Visual Studio Version 17
VisualStudioVersion = 17.11.35303.130
MinimumVisualStudioVersion = 10.0.40219.1
Project("{9A19103F-16F7-4668-BE54-9A1E7A4F7556}") = "ComicCollector", "ComicCollector.csproj", "{940B9D3F-5A94-4057-AB85-B1310F6B4991}"
EndProject
Global
	GlobalSection(SolutionConfigurationPlatforms) = preSolution
		Debug|Any CPU = Debug|Any CPU
		Release|Any CPU = Release|Any CPU
	EndGlobalSection
	GlobalSection(ProjectConfigurationPlatforms) = postSolution
		{940B9D3F-5A94-4057-AB85-B1310F6B4991}.Debug|Any CPU.ActiveCfg = Debug|Any CPU
		{940B9D3F-5A94-4057-AB85-B1310F6B4991}.Debug|Any CPU.Build.0 = Debug|Any CPU
		{940B9D3F-5A94-4057-AB85-B1310F6B4991}.Release|Any CPU.ActiveCfg = Release|Any CPU
		{940B9D3F-5A94-4057-AB85-B1310F6B4991}.Release|Any CPU.Build.0 = Release|Any CPU
	EndGlobalSection
	GlobalSection(SolutionProperties) = preSolution
		HideSolutionNode = FALSE
	EndGlobalSection
	GlobalSection(ExtensibilityGlobals) = postSolution
		SolutionGuid = {A1C56A48-CDCC-4FC2-B2BC-7996AF6A1AD8}
	EndGlobalSection
EndGlobal
